
Microsoft Visual Studio Solution File, Format Version 12.00
# Visual Studio Version 16
VisualStudioVersion = 16.0.29613.14
MinimumVisualStudioVersion = 10.0.40219.1
Project("{888888A0-9F3D-457C-B088-3A5042F75D52}") = "PythonAdventOfCode2019", "PythonAdventOfCode2019.pyproj", "{AAB01BA1-99EE-48A8-86AF-3FF25682BD2D}"
EndProject
Global
	GlobalSection(SolutionConfigurationPlatforms) = preSolution
		Debug|Any CPU = Debug|Any CPU
		Release|Any CPU = Release|Any CPU
	EndGlobalSection
	GlobalSection(ProjectConfigurationPlatforms) = postSolution
		{AAB01BA1-99EE-48A8-86AF-3FF25682BD2D}.Debug|Any CPU.ActiveCfg = Debug|Any CPU
		{AAB01BA1-99EE-48A8-86AF-3FF25682BD2D}.Release|Any CPU.ActiveCfg = Release|Any CPU
	EndGlobalSection
	GlobalSection(SolutionProperties) = preSolution
		HideSolutionNode = FALSE
	EndGlobalSection
	GlobalSection(ExtensibilityGlobals) = postSolution
		SolutionGuid = {94D5EAD2-6480-4881-9B59-42E7AD6F6CE3}
	EndGlobalSection
EndGlobal
